
Microsoft Visual Studio Solution File, Format Version 12.00
# Visual Studio Version 17
VisualStudioVersion = 17.6.33723.286
MinimumVisualStudioVersion = 10.0.40219.1
Project("{FAE04EC0-301F-11D3-BF4B-00C04F79EFBC}") = "Azure_DataBase_Conection", "Azure_DataBase_Conection.csproj", "{A0AB3E03-1A12-45F7-9930-48E8525379BA}"
EndProject
Global
	GlobalSection(SolutionConfigurationPlatforms) = preSolution
		Debug|Any CPU = Debug|Any CPU
		Release|Any CPU = Release|Any CPU
	EndGlobalSection
	GlobalSection(ProjectConfigurationPlatforms) = postSolution
		{A0AB3E03-1A12-45F7-9930-48E8525379BA}.Debug|Any CPU.ActiveCfg = Debug|Any CPU
		{A0AB3E03-1A12-45F7-9930-48E8525379BA}.Debug|Any CPU.Build.0 = Debug|Any CPU
		{A0AB3E03-1A12-45F7-9930-48E8525379BA}.Release|Any CPU.ActiveCfg = Release|Any CPU
		{A0AB3E03-1A12-45F7-9930-48E8525379BA}.Release|Any CPU.Build.0 = Release|Any CPU
	EndGlobalSection
	GlobalSection(SolutionProperties) = preSolution
		HideSolutionNode = FALSE
	EndGlobalSection
	GlobalSection(ExtensibilityGlobals) = postSolution
		SolutionGuid = {91A06058-9F1C-4D53-A8F4-8BF3AB638F52}
	EndGlobalSection
EndGlobal
